<?xml version="1.0" encoding="utf-8"?>
<Project ToolsVersion="4.0" xmlns="http://schemas.microsoft.com/developer/msbuild/2003">
  <ItemGroup>
    <Filter Include="源文件">
      <UniqueIdentifier>{4FC737F1-C7A5-4376-A066-2A32D752A2FF}</UniqueIdentifier>
      <Extensions>cpp;c;cc;cxx;c++;cppm;ixx;def;odl;idl;hpj;bat;asm;asmx</Extensions>
    </Filter>
    <Filter Include="资源文件">
      <UniqueIdentifier>{67DA6AB6-F800-4c08-8B7A-83BB121AAD01}</UniqueIdentifier>
      <Extensions>rc;ico;cur;bmp;dlg;rc2;rct;bin;rgs;gif;jpg;jpeg;jpe;resx;tiff;tif;png;wav;mfcribbon-ms</Extensions>
    </Filter>
    <Filter Include="DartCore">
      <UniqueIdentifier>{65c3d230-f5b1-4bcd-a438-fb8a0f46589c}</UniqueIdentifier>
    </Filter>
    <Filter Include="Utils">
      <UniqueIdentifier>{07b52de8-f466-4198-abac-594bddbf0c4d}</UniqueIdentifier>
    </Filter>
    <Filter Include="DartCore\Cluster">
      <UniqueIdentifier>{09bc129c-380d-4e2c-9b7f-3dce7f3a685d}</UniqueIdentifier>
    </Filter>
    <Filter Include="DartCore\Object">
      <UniqueIdentifier>{808b267c-09bc-4e4f-adca-0d31b36fb2dd}</UniqueIdentifier>
    </Filter>
  </ItemGroup>
  <ItemGroup>
    <ClCompile Include="main.cpp">
      <Filter>源文件</Filter>
    </ClCompile>
    <ClCompile Include="DartHelper.cpp">
      <Filter>源文件</Filter>
    </ClCompile>
    <ClCompile Include="DartCore\snapshot.cpp">
      <Filter>DartCore</Filter>
    </ClCompile>
    <ClCompile Include="DartCore\utils.cpp">
      <Filter>DartCore</Filter>
    </ClCompile>
    <ClCompile Include="DartCore\app_snapshot.cpp">
      <Filter>DartCore</Filter>
    </ClCompile>
    <ClCompile Include="Utils\IDAWrapper.cpp">
      <Filter>Utils</Filter>
    </ClCompile>
    <ClCompile Include="DartCore\datastream.cpp">
      <Filter>DartCore</Filter>
    </ClCompile>
    <ClCompile Include="DartCore\Cluster\DeserializationCluster.cpp">
      <Filter>DartCore\Cluster</Filter>
    </ClCompile>
    <ClCompile Include="DartCore\Cluster\CodeDeserializationCluster.cpp">
      <Filter>DartCore\Cluster</Filter>
    </ClCompile>
    <ClCompile Include="DartCore\Cluster\FunctionDeserializationCluster.cpp">
      <Filter>DartCore\Cluster</Filter>
    </ClCompile>
    <ClCompile Include="DartCore\Cluster\RODataDeserializationCluster.cpp">
      <Filter>DartCore\Cluster</Filter>
    </ClCompile>
    <ClCompile Include="DartCore\globals.cpp">
      <Filter>DartCore</Filter>
    </ClCompile>
    <ClCompile Include="DartCore\Cluster\CanonicalSetDeserializationCluster.cpp">
      <Filter>DartCore\Cluster</Filter>
    </ClCompile>
    <ClCompile Include="DartCore\Cluster\ArraySerializationCluster.cpp">
      <Filter>DartCore\Cluster</Filter>
    </ClCompile>
    <ClCompile Include="DartCore\Cluster\SerializationCluster.cpp">
      <Filter>DartCore\Cluster</Filter>
    </ClCompile>
    <ClCompile Include="DartCore\Cluster\AbstractInstanceDeserializationCluster.cpp">
      <Filter>DartCore\Cluster</Filter>
    </ClCompile>
    <ClCompile Include="DartCore\Cluster\InstanceDeserializationCluster.cpp">
      <Filter>DartCore\Cluster</Filter>
    </ClCompile>
    <ClCompile Include="DartCore\Cluster\TypedDataViewDeserializationCluster.cpp">
      <Filter>DartCore\Cluster</Filter>
    </ClCompile>
    <ClCompile Include="DartCore\Cluster\ExternalTypedDataDeserializationCluster.cpp">
      <Filter>DartCore\Cluster</Filter>
    </ClCompile>
    <ClCompile Include="DartCore\Cluster\StringDeserializationCluster.cpp">
      <Filter>DartCore\Cluster</Filter>
    </ClCompile>
    <ClCompile Include="DartCore\class_id.cpp">
      <Filter>DartCore</Filter>
    </ClCompile>
    <ClCompile Include="DartCore\dart_setup.cpp">
      <Filter>DartCore</Filter>
    </ClCompile>
    <ClCompile Include="DartCore\Cluster\MintDeserializationCluster.cpp">
      <Filter>DartCore\Cluster</Filter>
    </ClCompile>
    <ClCompile Include="DartCore\Cluster\OneByteStringDeserializationCluster.cpp">
      <Filter>DartCore\Cluster</Filter>
    </ClCompile>
    <ClCompile Include="DartCore\Object\Object.cpp">
      <Filter>DartCore\Object</Filter>
    </ClCompile>
    <ClCompile Include="DartCore\class_table.cpp">
      <Filter>DartCore</Filter>
    </ClCompile>
    <ClCompile Include="DartCore\Cluster\TypedDataDeserializationCluster.cpp">
      <Filter>DartCore\Cluster</Filter>
    </ClCompile>
    <ClCompile Include="DartCore\Cluster\ClassDeserializationCluster.cpp">
      <Filter>DartCore\Cluster</Filter>
    </ClCompile>
    <ClCompile Include="DartCore\Cluster\TypeArgumentsDeserializationCluster.cpp">
      <Filter>DartCore\Cluster</Filter>
    </ClCompile>
    <ClCompile Include="DartCore\Cluster\PatchClassDeserializationCluster.cpp">
      <Filter>DartCore\Cluster</Filter>
    </ClCompile>
    <ClCompile Include="DartCore\Cluster\ClosureDataDeserializationCluster.cpp">
      <Filter>DartCore\Cluster</Filter>
    </ClCompile>
    <ClCompile Include="DartCore\Cluster\FfiTrampolineDataDeserializationCluster.cpp">
      <Filter>DartCore\Cluster</Filter>
    </ClCompile>
    <ClCompile Include="DartCore\Cluster\FieldDeserializationCluster.cpp">
      <Filter>DartCore\Cluster</Filter>
    </ClCompile>
    <ClCompile Include="DartCore\Cluster\ScriptDeserializationCluster.cpp">
      <Filter>DartCore\Cluster</Filter>
    </ClCompile>
    <ClCompile Include="DartCore\Cluster\LibraryDeserializationCluster.cpp">
      <Filter>DartCore\Cluster</Filter>
    </ClCompile>
    <ClCompile Include="DartCore\Cluster\NamespaceDeserializationCluster.cpp">
      <Filter>DartCore\Cluster</Filter>
    </ClCompile>
    <ClCompile Include="DartCore\Cluster\KernelProgramInfoDeserializationCluster.cpp">
      <Filter>DartCore\Cluster</Filter>
    </ClCompile>
    <ClCompile Include="DartCore\Cluster\ObjectPoolDeserializationCluster.cpp">
      <Filter>DartCore\Cluster</Filter>
    </ClCompile>
    <ClCompile Include="DartCore\Cluster\PcDescriptorsDeserializationCluster.cpp">
      <Filter>DartCore\Cluster</Filter>
    </ClCompile>
    <ClCompile Include="DartCore\Cluster\ExceptionHandlersDeserializationCluster.cpp">
      <Filter>DartCore\Cluster</Filter>
    </ClCompile>
    <ClCompile Include="DartCore\Cluster\ContextDeserializationCluster.cpp">
      <Filter>DartCore\Cluster</Filter>
    </ClCompile>
    <ClCompile Include="DartCore\Cluster\ContextScopeDeserializationCluster.cpp">
      <Filter>DartCore\Cluster</Filter>
    </ClCompile>
    <ClCompile Include="DartCore\Cluster\UnlinkedCallDeserializationCluster.cpp">
      <Filter>DartCore\Cluster</Filter>
    </ClCompile>
    <ClCompile Include="DartCore\Cluster\ICDataDeserializationCluster.cpp">
      <Filter>DartCore\Cluster</Filter>
    </ClCompile>
    <ClCompile Include="DartCore\Cluster\MegamorphicCacheDeserializationCluster.cpp">
      <Filter>DartCore\Cluster</Filter>
    </ClCompile>
    <ClCompile Include="DartCore\Cluster\SubtypeTestCacheDeserializationCluster.cpp">
      <Filter>DartCore\Cluster</Filter>
    </ClCompile>
    <ClCompile Include="DartCore\Cluster\LoadingUnitDeserializationCluster.cpp">
      <Filter>DartCore\Cluster</Filter>
    </ClCompile>
    <ClCompile Include="DartCore\Cluster\LanguageErrorDeserializationCluster.cpp">
      <Filter>DartCore\Cluster</Filter>
    </ClCompile>
    <ClCompile Include="DartCore\Cluster\UnhandledExceptionDeserializationCluster.cpp">
      <Filter>DartCore\Cluster</Filter>
    </ClCompile>
    <ClCompile Include="DartCore\Cluster\LibraryPrefixDeserializationCluster.cpp">
      <Filter>DartCore\Cluster</Filter>
    </ClCompile>
    <ClCompile Include="DartCore\Cluster\TypeDeserializationCluster.cpp">
      <Filter>DartCore\Cluster</Filter>
    </ClCompile>
    <ClCompile Include="DartCore\Cluster\FunctionTypeDeserializationCluster.cpp">
      <Filter>DartCore\Cluster</Filter>
    </ClCompile>
    <ClCompile Include="DartCore\Cluster\TypeRefDeserializationCluster.cpp">
      <Filter>DartCore\Cluster</Filter>
    </ClCompile>
    <ClCompile Include="DartCore\Cluster\TypeParameterDeserializationCluster.cpp">
      <Filter>DartCore\Cluster</Filter>
    </ClCompile>
    <ClCompile Include="DartCore\Cluster\ClosureDeserializationCluster.cpp">
      <Filter>DartCore\Cluster</Filter>
    </ClCompile>
    <ClCompile Include="DartCore\Cluster\DoubleDeserializationCluster.cpp">
      <Filter>DartCore\Cluster</Filter>
    </ClCompile>
    <ClCompile Include="DartCore\Cluster\GrowableObjectArrayDeserializationCluster.cpp">
      <Filter>DartCore\Cluster</Filter>
    </ClCompile>
    <ClCompile Include="DartCore\Cluster\StackTraceDeserializationCluster.cpp">
      <Filter>DartCore\Cluster</Filter>
    </ClCompile>
    <ClCompile Include="DartCore\Cluster\RegExpDeserializationCluster.cpp">
      <Filter>DartCore\Cluster</Filter>
    </ClCompile>
    <ClCompile Include="DartCore\Cluster\WeakPropertyDeserializationCluster.cpp">
      <Filter>DartCore\Cluster</Filter>
    </ClCompile>
    <ClCompile Include="DartCore\Cluster\LinkedHashMapDeserializationCluster.cpp">
      <Filter>DartCore\Cluster</Filter>
    </ClCompile>
    <ClCompile Include="DartCore\Cluster\ArrayDeserializationCluster.cpp">
      <Filter>DartCore\Cluster</Filter>
    </ClCompile>
  </ItemGroup>
  <ItemGroup>
    <ClInclude Include="DartHelper.h">
      <Filter>源文件</Filter>
    </ClInclude>
    <ClInclude Include="DartCore\snapshot.h">
      <Filter>DartCore</Filter>
    </ClInclude>
    <ClInclude Include="DartCore\utils.h">
      <Filter>DartCore</Filter>
    </ClInclude>
    <ClInclude Include="DartCore\globals.h">
      <Filter>DartCore</Filter>
    </ClInclude>
    <ClInclude Include="DartCore\app_snapshot.h">
      <Filter>DartCore</Filter>
    </ClInclude>
    <ClInclude Include="Utils\IDAWrapper.h">
      <Filter>Utils</Filter>
    </ClInclude>
    <ClInclude Include="DartCore\datastream.h">
      <Filter>DartCore</Filter>
    </ClInclude>
    <ClInclude Include="DartCore\Cluster\DeserializationCluster.h">
      <Filter>DartCore\Cluster</Filter>
    </ClInclude>
    <ClInclude Include="DartCore\Cluster\CodeDeserializationCluster.h">
      <Filter>DartCore\Cluster</Filter>
    </ClInclude>
    <ClInclude Include="DartCore\Cluster\FunctionDeserializationCluster.h">
      <Filter>DartCore\Cluster</Filter>
    </ClInclude>
    <ClInclude Include="DartCore\Cluster\RODataDeserializationCluster.h">
      <Filter>DartCore\Cluster</Filter>
    </ClInclude>
    <ClInclude Include="DartCore\Cluster\CanonicalSetDeserializationCluster.h">
      <Filter>DartCore\Cluster</Filter>
    </ClInclude>
    <ClInclude Include="DartCore\object.h">
      <Filter>DartCore</Filter>
    </ClInclude>
    <ClInclude Include="DartCore\Cluster\ArraySerializationCluster.h">
      <Filter>DartCore\Cluster</Filter>
    </ClInclude>
    <ClInclude Include="DartCore\Cluster\SerializationCluster.h">
      <Filter>DartCore\Cluster</Filter>
    </ClInclude>
    <ClInclude Include="DartCore\Cluster\AbstractInstanceDeserializationCluster.h">
      <Filter>DartCore\Cluster</Filter>
    </ClInclude>
    <ClInclude Include="DartCore\Cluster\InstanceDeserializationCluster.h">
      <Filter>DartCore\Cluster</Filter>
    </ClInclude>
    <ClInclude Include="DartCore\Cluster\TypedDataViewDeserializationCluster.h">
      <Filter>DartCore\Cluster</Filter>
    </ClInclude>
    <ClInclude Include="DartCore\Cluster\ExternalTypedDataDeserializationCluster.h">
      <Filter>DartCore\Cluster</Filter>
    </ClInclude>
    <ClInclude Include="DartCore\Cluster\StringDeserializationCluster.h">
      <Filter>DartCore\Cluster</Filter>
    </ClInclude>
    <ClInclude Include="DartCore\class_id.h">
      <Filter>DartCore</Filter>
    </ClInclude>
    <ClInclude Include="DartCore\dart_setup.h">
      <Filter>DartCore</Filter>
    </ClInclude>
    <ClInclude Include="DartCore\Cluster\MintDeserializationCluster.h">
      <Filter>DartCore\Cluster</Filter>
    </ClInclude>
    <ClInclude Include="DartCore\Cluster\OneByteStringDeserializationCluster.h">
      <Filter>DartCore\Cluster</Filter>
    </ClInclude>
    <ClInclude Include="DartCore\Object\Object.h">
      <Filter>DartCore\Object</Filter>
    </ClInclude>
    <ClInclude Include="DartCore\class_table.h">
      <Filter>DartCore</Filter>
    </ClInclude>
    <ClInclude Include="DartCore\Cluster\TypedDataDeserializationCluster.h">
      <Filter>DartCore\Cluster</Filter>
    </ClInclude>
    <ClInclude Include="DartCore\Cluster\ClassDeserializationCluster.h">
      <Filter>DartCore\Cluster</Filter>
    </ClInclude>
    <ClInclude Include="DartCore\Cluster\TypeArgumentsDeserializationCluster.h">
      <Filter>DartCore\Cluster</Filter>
    </ClInclude>
    <ClInclude Include="DartCore\Cluster\PatchClassDeserializationCluster.h">
      <Filter>DartCore\Cluster</Filter>
    </ClInclude>
    <ClInclude Include="DartCore\Cluster\ClosureDataDeserializationCluster.h">
      <Filter>DartCore\Cluster</Filter>
    </ClInclude>
    <ClInclude Include="DartCore\Cluster\FfiTrampolineDataDeserializationCluster.h">
      <Filter>DartCore\Cluster</Filter>
    </ClInclude>
    <ClInclude Include="DartCore\Cluster\FieldDeserializationCluster.h">
      <Filter>DartCore\Cluster</Filter>
    </ClInclude>
    <ClInclude Include="DartCore\bitfield.h">
      <Filter>DartCore</Filter>
    </ClInclude>
    <ClInclude Include="DartCore\Cluster\ScriptDeserializationCluster.h">
      <Filter>DartCore\Cluster</Filter>
    </ClInclude>
    <ClInclude Include="DartCore\Cluster\LibraryDeserializationCluster.h">
      <Filter>DartCore\Cluster</Filter>
    </ClInclude>
    <ClInclude Include="DartCore\Cluster\NamespaceDeserializationCluster.h">
      <Filter>DartCore\Cluster</Filter>
    </ClInclude>
    <ClInclude Include="DartCore\Cluster\KernelProgramInfoDeserializationCluster.h">
      <Filter>DartCore\Cluster</Filter>
    </ClInclude>
    <ClInclude Include="DartCore\Cluster\ObjectPoolDeserializationCluster.h">
      <Filter>DartCore\Cluster</Filter>
    </ClInclude>
    <ClInclude Include="DartCore\Object\object_pool_builder.h">
      <Filter>DartCore\Object</Filter>
    </ClInclude>
    <ClInclude Include="DartCore\Cluster\PcDescriptorsDeserializationCluster.h">
      <Filter>DartCore\Cluster</Filter>
    </ClInclude>
    <ClInclude Include="DartCore\Cluster\ExceptionHandlersDeserializationCluster.h">
      <Filter>DartCore\Cluster</Filter>
    </ClInclude>
    <ClInclude Include="DartCore\Cluster\ContextDeserializationCluster.h">
      <Filter>DartCore\Cluster</Filter>
    </ClInclude>
    <ClInclude Include="DartCore\Cluster\ContextScopeDeserializationCluster.h">
      <Filter>DartCore\Cluster</Filter>
    </ClInclude>
    <ClInclude Include="DartCore\Cluster\UnlinkedCallDeserializationCluster.h">
      <Filter>DartCore\Cluster</Filter>
    </ClInclude>
    <ClInclude Include="DartCore\Cluster\ICDataDeserializationCluster.h">
      <Filter>DartCore\Cluster</Filter>
    </ClInclude>
    <ClInclude Include="DartCore\Cluster\MegamorphicCacheDeserializationCluster.h">
      <Filter>DartCore\Cluster</Filter>
    </ClInclude>
    <ClInclude Include="DartCore\Cluster\SubtypeTestCacheDeserializationCluster.h">
      <Filter>DartCore\Cluster</Filter>
    </ClInclude>
    <ClInclude Include="DartCore\Cluster\LoadingUnitDeserializationCluster.h">
      <Filter>DartCore\Cluster</Filter>
    </ClInclude>
    <ClInclude Include="DartCore\Cluster\LanguageErrorDeserializationCluster.h">
      <Filter>DartCore\Cluster</Filter>
    </ClInclude>
    <ClInclude Include="DartCore\Cluster\UnhandledExceptionDeserializationCluster.h">
      <Filter>DartCore\Cluster</Filter>
    </ClInclude>
    <ClInclude Include="DartCore\Cluster\LibraryPrefixDeserializationCluster.h">
      <Filter>DartCore\Cluster</Filter>
    </ClInclude>
    <ClInclude Include="DartCore\Cluster\TypeDeserializationCluster.h">
      <Filter>DartCore\Cluster</Filter>
    </ClInclude>
    <ClInclude Include="DartCore\Cluster\FunctionTypeDeserializationCluster.h">
      <Filter>DartCore\Cluster</Filter>
    </ClInclude>
    <ClInclude Include="DartCore\Cluster\TypeRefDeserializationCluster.h">
      <Filter>DartCore\Cluster</Filter>
    </ClInclude>
    <ClInclude Include="DartCore\Cluster\TypeParameterDeserializationCluster.h">
      <Filter>DartCore\Cluster</Filter>
    </ClInclude>
    <ClInclude Include="DartCore\Cluster\ClosureDeserializationCluster.h">
      <Filter>DartCore\Cluster</Filter>
    </ClInclude>
    <ClInclude Include="DartCore\Cluster\DoubleDeserializationCluster.h">
      <Filter>DartCore\Cluster</Filter>
    </ClInclude>
    <ClInclude Include="DartCore\Cluster\GrowableObjectArrayDeserializationCluster.h">
      <Filter>DartCore\Cluster</Filter>
    </ClInclude>
    <ClInclude Include="DartCore\Cluster\StackTraceDeserializationCluster.h">
      <Filter>DartCore\Cluster</Filter>
    </ClInclude>
    <ClInclude Include="DartCore\Cluster\RegExpDeserializationCluster.h">
      <Filter>DartCore\Cluster</Filter>
    </ClInclude>
    <ClInclude Include="DartCore\Cluster\WeakPropertyDeserializationCluster.h">
      <Filter>DartCore\Cluster</Filter>
    </ClInclude>
    <ClInclude Include="DartCore\Cluster\LinkedHashMapDeserializationCluster.h">
      <Filter>DartCore\Cluster</Filter>
    </ClInclude>
    <ClInclude Include="DartCore\Cluster\ArrayDeserializationCluster.h">
      <Filter>DartCore\Cluster</Filter>
    </ClInclude>
  </ItemGroup>
</Project>